
Microsoft Visual Studio Solution File, Format Version 12.00
# Visual Studio Version 16
VisualStudioVersion = 16.0.30503.244
MinimumVisualStudioVersion = 10.0.40219.1
Project("{FAE04EC0-301F-11D3-BF4B-00C04F79EFBC}") = "WebApplication1", "WebApplication1\WebApplication1.csproj", "{E8C44A8E-D61F-4698-9039-C22A5A675E1E}"
EndProject
Global
	GlobalSection(SolutionConfigurationPlatforms) = preSolution
		Debug|Any CPU = Debug|Any CPU
		Release|Any CPU = Release|Any CPU
	EndGlobalSection
	GlobalSection(ProjectConfigurationPlatforms) = postSolution
		{E8C44A8E-D61F-4698-9039-C22A5A675E1E}.Debug|Any CPU.ActiveCfg = Debug|Any CPU
		{E8C44A8E-D61F-4698-9039-C22A5A675E1E}.Debug|Any CPU.Build.0 = Debug|Any CPU
		{E8C44A8E-D61F-4698-9039-C22A5A675E1E}.Release|Any CPU.ActiveCfg = Release|Any CPU
		{E8C44A8E-D61F-4698-9039-C22A5A675E1E}.Release|Any CPU.Build.0 = Release|Any CPU
	EndGlobalSection
	GlobalSection(SolutionProperties) = preSolution
		HideSolutionNode = FALSE
	EndGlobalSection
	GlobalSection(ExtensibilityGlobals) = postSolution
		SolutionGuid = {29A10968-FEA4-4AD7-8877-D208343F2936}
	EndGlobalSection
EndGlobal
